
Microsoft Visual Studio Solution File, Format Version 12.00
# Visual Studio 15
VisualStudioVersion = 15.0.27703.2000
MinimumVisualStudioVersion = 10.0.40219.1
Project("{FAE04EC0-301F-11D3-BF4B-00C04F79EFBC}") = "01_exercise", "01_exercise\01_exercise.csproj", "{631ED667-DAA5-43B5-AF2C-B91A252FE19B}"
EndProject
Global
	GlobalSection(SolutionConfigurationPlatforms) = preSolution
		Debug|Any CPU = Debug|Any CPU
		Release|Any CPU = Release|Any CPU
	EndGlobalSection
	GlobalSection(ProjectConfigurationPlatforms) = postSolution
		{631ED667-DAA5-43B5-AF2C-B91A252FE19B}.Debug|Any CPU.ActiveCfg = Debug|Any CPU
		{631ED667-DAA5-43B5-AF2C-B91A252FE19B}.Debug|Any CPU.Build.0 = Debug|Any CPU
		{631ED667-DAA5-43B5-AF2C-B91A252FE19B}.Release|Any CPU.ActiveCfg = Release|Any CPU
		{631ED667-DAA5-43B5-AF2C-B91A252FE19B}.Release|Any CPU.Build.0 = Release|Any CPU
	EndGlobalSection
	GlobalSection(SolutionProperties) = preSolution
		HideSolutionNode = FALSE
	EndGlobalSection
	GlobalSection(ExtensibilityGlobals) = postSolution
		SolutionGuid = {B8AB7690-EABD-4031-8845-A1BC1604D5FA}
	EndGlobalSection
EndGlobal
