
Microsoft Visual Studio Solution File, Format Version 12.00
# Visual Studio 15
VisualStudioVersion = 15.0.27703.2000
MinimumVisualStudioVersion = 10.0.40219.1
Project("{9A19103F-16F7-4668-BE54-9A1E7A4F7556}") = "01_CenturiesToMinutes", "01_CenturiesToMinutes\01_CenturiesToMinutes.csproj", "{FA165D65-8DBA-4928-AC09-EFBDF807428E}"
EndProject
Project("{9A19103F-16F7-4668-BE54-9A1E7A4F7556}") = "02_Circle_Area_Precision12", "02_Circle_Area_Precision12\02_Circle_Area_Precision12.csproj", "{57FBEF60-D591-4A5C-A793-805C279D133F}"
EndProject
Project("{9A19103F-16F7-4668-BE54-9A1E7A4F7556}") = "03_ExactSumOfRealNumbers", "03_ExactSumOfRealNumbers\03_ExactSumOfRealNumbers.csproj", "{1A7A6A9E-2F45-4440-9746-FF75896EF7B0}"
EndProject
Project("{9A19103F-16F7-4668-BE54-9A1E7A4F7556}") = "04_Elevator", "04_Elevator\04_Elevator.csproj", "{C03D0C79-DEE4-4078-A715-276AE03211D7}"
EndProject
Project("{9A19103F-16F7-4668-BE54-9A1E7A4F7556}") = "05_SpecialNumbers", "05_SpecialNumbers\05_SpecialNumbers.csproj", "{D9F21BF5-9586-4216-8536-733D50ECFF3A}"
EndProject
Project("{9A19103F-16F7-4668-BE54-9A1E7A4F7556}") = "06_TriplesOfLetters", "06_TriplesOfLetters\06_TriplesOfLetters.csproj", "{A3275450-3565-4FD1-A92F-097467781884}"
EndProject
Project("{9A19103F-16F7-4668-BE54-9A1E7A4F7556}") = "07_Greeting", "07_Greeting\07_Greeting.csproj", "{F7B5EC92-7B26-4F0C-9381-AC876E305E66}"
EndProject
Project("{FAE04EC0-301F-11D3-BF4B-00C04F79EFBC}") = "08_RefactorVolumeOfPyramid", "8RefactorVolumeOfPyramid\08_RefactorVolumeOfPyramid.csproj", "{85125854-4F72-42A6-863C-93EB5E7A6CD1}"
EndProject
Project("{FAE04EC0-301F-11D3-BF4B-00C04F79EFBC}") = "09_RefactorSpecialNumbers", "09_RefactorSpecialNumbers\09_RefactorSpecialNumbers.csproj", "{01BD8831-83D7-4FB1-A897-68432F354C34}"
EndProject
Global
	GlobalSection(SolutionConfigurationPlatforms) = preSolution
		Debug|Any CPU = Debug|Any CPU
		Release|Any CPU = Release|Any CPU
	EndGlobalSection
	GlobalSection(ProjectConfigurationPlatforms) = postSolution
		{FA165D65-8DBA-4928-AC09-EFBDF807428E}.Debug|Any CPU.ActiveCfg = Debug|Any CPU
		{FA165D65-8DBA-4928-AC09-EFBDF807428E}.Debug|Any CPU.Build.0 = Debug|Any CPU
		{FA165D65-8DBA-4928-AC09-EFBDF807428E}.Release|Any CPU.ActiveCfg = Release|Any CPU
		{FA165D65-8DBA-4928-AC09-EFBDF807428E}.Release|Any CPU.Build.0 = Release|Any CPU
		{57FBEF60-D591-4A5C-A793-805C279D133F}.Debug|Any CPU.ActiveCfg = Debug|Any CPU
		{57FBEF60-D591-4A5C-A793-805C279D133F}.Debug|Any CPU.Build.0 = Debug|Any CPU
		{57FBEF60-D591-4A5C-A793-805C279D133F}.Release|Any CPU.ActiveCfg = Release|Any CPU
		{57FBEF60-D591-4A5C-A793-805C279D133F}.Release|Any CPU.Build.0 = Release|Any CPU
		{1A7A6A9E-2F45-4440-9746-FF75896EF7B0}.Debug|Any CPU.ActiveCfg = Debug|Any CPU
		{1A7A6A9E-2F45-4440-9746-FF75896EF7B0}.Debug|Any CPU.Build.0 = Debug|Any CPU
		{1A7A6A9E-2F45-4440-9746-FF75896EF7B0}.Release|Any CPU.ActiveCfg = Release|Any CPU
		{1A7A6A9E-2F45-4440-9746-FF75896EF7B0}.Release|Any CPU.Build.0 = Release|Any CPU
		{C03D0C79-DEE4-4078-A715-276AE03211D7}.Debug|Any CPU.ActiveCfg = Debug|Any CPU
		{C03D0C79-DEE4-4078-A715-276AE03211D7}.Debug|Any CPU.Build.0 = Debug|Any CPU
		{C03D0C79-DEE4-4078-A715-276AE03211D7}.Release|Any CPU.ActiveCfg = Release|Any CPU
		{C03D0C79-DEE4-4078-A715-276AE03211D7}.Release|Any CPU.Build.0 = Release|Any CPU
		{D9F21BF5-9586-4216-8536-733D50ECFF3A}.Debug|Any CPU.ActiveCfg = Debug|Any CPU
		{D9F21BF5-9586-4216-8536-733D50ECFF3A}.Debug|Any CPU.Build.0 = Debug|Any CPU
		{D9F21BF5-9586-4216-8536-733D50ECFF3A}.Release|Any CPU.ActiveCfg = Release|Any CPU
		{D9F21BF5-9586-4216-8536-733D50ECFF3A}.Release|Any CPU.Build.0 = Release|Any CPU
		{A3275450-3565-4FD1-A92F-097467781884}.Debug|Any CPU.ActiveCfg = Debug|Any CPU
		{A3275450-3565-4FD1-A92F-097467781884}.Debug|Any CPU.Build.0 = Debug|Any CPU
		{A3275450-3565-4FD1-A92F-097467781884}.Release|Any CPU.ActiveCfg = Release|Any CPU
		{A3275450-3565-4FD1-A92F-097467781884}.Release|Any CPU.Build.0 = Release|Any CPU
		{F7B5EC92-7B26-4F0C-9381-AC876E305E66}.Debug|Any CPU.ActiveCfg = Debug|Any CPU
		{F7B5EC92-7B26-4F0C-9381-AC876E305E66}.Debug|Any CPU.Build.0 = Debug|Any CPU
		{F7B5EC92-7B26-4F0C-9381-AC876E305E66}.Release|Any CPU.ActiveCfg = Release|Any CPU
		{F7B5EC92-7B26-4F0C-9381-AC876E305E66}.Release|Any CPU.Build.0 = Release|Any CPU
		{85125854-4F72-42A6-863C-93EB5E7A6CD1}.Debug|Any CPU.ActiveCfg = Debug|Any CPU
		{85125854-4F72-42A6-863C-93EB5E7A6CD1}.Debug|Any CPU.Build.0 = Debug|Any CPU
		{85125854-4F72-42A6-863C-93EB5E7A6CD1}.Release|Any CPU.ActiveCfg = Release|Any CPU
		{85125854-4F72-42A6-863C-93EB5E7A6CD1}.Release|Any CPU.Build.0 = Release|Any CPU
		{01BD8831-83D7-4FB1-A897-68432F354C34}.Debug|Any CPU.ActiveCfg = Debug|Any CPU
		{01BD8831-83D7-4FB1-A897-68432F354C34}.Debug|Any CPU.Build.0 = Debug|Any CPU
		{01BD8831-83D7-4FB1-A897-68432F354C34}.Release|Any CPU.ActiveCfg = Release|Any CPU
		{01BD8831-83D7-4FB1-A897-68432F354C34}.Release|Any CPU.Build.0 = Release|Any CPU
	EndGlobalSection
	GlobalSection(SolutionProperties) = preSolution
		HideSolutionNode = FALSE
	EndGlobalSection
	GlobalSection(ExtensibilityGlobals) = postSolution
		SolutionGuid = {39DDE15D-30FF-4E17-AE68-864C367F54CC}
	EndGlobalSection
EndGlobal
