
Microsoft Visual Studio Solution File, Format Version 12.00
# Visual Studio 15
VisualStudioVersion = 15.0.27703.2000
MinimumVisualStudioVersion = 10.0.40219.1
Project("{FAE04EC0-301F-11D3-BF4B-00C04F79EFBC}") = "01_DebitCardNumber", "01_DebitCardNumber\01_DebitCardNumber.csproj", "{79E0C700-4A72-4B9A-B081-00FA70B01837}"
EndProject
Project("{FAE04EC0-301F-11D3-BF4B-00C04F79EFBC}") = "02_RectangleArea", "02_RectangleArea\02_RectangleArea.csproj", "{12AAD9BE-CFAE-4480-A5A3-C5C4B9422E37}"
EndProject
Project("{FAE04EC0-301F-11D3-BF4B-00C04F79EFBC}") = "03_MilesToKilometers", "03_MilesToKilometers\03_MilesToKilometers.csproj", "{9CBB63CB-2434-4ECB-90CB-CA1CDF37C06B}"
EndProject
Project("{FAE04EC0-301F-11D3-BF4B-00C04F79EFBC}") = "04_BeverageLabels", "04_BeverageLabels\04_BeverageLabels.csproj", "{D851D30C-6CB5-4D01-89A1-65864833B109}"
EndProject
Project("{FAE04EC0-301F-11D3-BF4B-00C04F79EFBC}") = "05_CharacterStats", "05_CharacterStats\05_CharacterStats.csproj", "{2391AC56-C38E-4620-AE7F-B98381D1A706}"
EndProject
Global
	GlobalSection(SolutionConfigurationPlatforms) = preSolution
		Debug|Any CPU = Debug|Any CPU
		Release|Any CPU = Release|Any CPU
	EndGlobalSection
	GlobalSection(ProjectConfigurationPlatforms) = postSolution
		{79E0C700-4A72-4B9A-B081-00FA70B01837}.Debug|Any CPU.ActiveCfg = Debug|Any CPU
		{79E0C700-4A72-4B9A-B081-00FA70B01837}.Debug|Any CPU.Build.0 = Debug|Any CPU
		{79E0C700-4A72-4B9A-B081-00FA70B01837}.Release|Any CPU.ActiveCfg = Release|Any CPU
		{79E0C700-4A72-4B9A-B081-00FA70B01837}.Release|Any CPU.Build.0 = Release|Any CPU
		{12AAD9BE-CFAE-4480-A5A3-C5C4B9422E37}.Debug|Any CPU.ActiveCfg = Debug|Any CPU
		{12AAD9BE-CFAE-4480-A5A3-C5C4B9422E37}.Debug|Any CPU.Build.0 = Debug|Any CPU
		{12AAD9BE-CFAE-4480-A5A3-C5C4B9422E37}.Release|Any CPU.ActiveCfg = Release|Any CPU
		{12AAD9BE-CFAE-4480-A5A3-C5C4B9422E37}.Release|Any CPU.Build.0 = Release|Any CPU
		{9CBB63CB-2434-4ECB-90CB-CA1CDF37C06B}.Debug|Any CPU.ActiveCfg = Debug|Any CPU
		{9CBB63CB-2434-4ECB-90CB-CA1CDF37C06B}.Debug|Any CPU.Build.0 = Debug|Any CPU
		{9CBB63CB-2434-4ECB-90CB-CA1CDF37C06B}.Release|Any CPU.ActiveCfg = Release|Any CPU
		{9CBB63CB-2434-4ECB-90CB-CA1CDF37C06B}.Release|Any CPU.Build.0 = Release|Any CPU
		{D851D30C-6CB5-4D01-89A1-65864833B109}.Debug|Any CPU.ActiveCfg = Debug|Any CPU
		{D851D30C-6CB5-4D01-89A1-65864833B109}.Debug|Any CPU.Build.0 = Debug|Any CPU
		{D851D30C-6CB5-4D01-89A1-65864833B109}.Release|Any CPU.ActiveCfg = Release|Any CPU
		{D851D30C-6CB5-4D01-89A1-65864833B109}.Release|Any CPU.Build.0 = Release|Any CPU
		{2391AC56-C38E-4620-AE7F-B98381D1A706}.Debug|Any CPU.ActiveCfg = Debug|Any CPU
		{2391AC56-C38E-4620-AE7F-B98381D1A706}.Debug|Any CPU.Build.0 = Debug|Any CPU
		{2391AC56-C38E-4620-AE7F-B98381D1A706}.Release|Any CPU.ActiveCfg = Release|Any CPU
		{2391AC56-C38E-4620-AE7F-B98381D1A706}.Release|Any CPU.Build.0 = Release|Any CPU
	EndGlobalSection
	GlobalSection(SolutionProperties) = preSolution
		HideSolutionNode = FALSE
	EndGlobalSection
	GlobalSection(ExtensibilityGlobals) = postSolution
		SolutionGuid = {4D22154F-3222-4163-AB6B-EBA6FFE4E5D0}
	EndGlobalSection
EndGlobal
